
Microsoft Visual Studio Solution File, Format Version 12.00
# Visual Studio Version 16
VisualStudioVersion = 16.0.30621.155
MinimumVisualStudioVersion = 10.0.40219.1
Project("{FAE04EC0-301F-11D3-BF4B-00C04F79EFBC}") = "Desafio_2_DAS_2021", "Desafio_2_DAS_2021.csproj", "{C8582C07-146F-4AEE-AB52-4AA37DB7D2DA}"
EndProject
Global
	GlobalSection(SolutionConfigurationPlatforms) = preSolution
		Debug|Any CPU = Debug|Any CPU
		Release|Any CPU = Release|Any CPU
	EndGlobalSection
	GlobalSection(ProjectConfigurationPlatforms) = postSolution
		{C8582C07-146F-4AEE-AB52-4AA37DB7D2DA}.Debug|Any CPU.ActiveCfg = Debug|Any CPU
		{C8582C07-146F-4AEE-AB52-4AA37DB7D2DA}.Debug|Any CPU.Build.0 = Debug|Any CPU
		{C8582C07-146F-4AEE-AB52-4AA37DB7D2DA}.Release|Any CPU.ActiveCfg = Release|Any CPU
		{C8582C07-146F-4AEE-AB52-4AA37DB7D2DA}.Release|Any CPU.Build.0 = Release|Any CPU
	EndGlobalSection
	GlobalSection(SolutionProperties) = preSolution
		HideSolutionNode = FALSE
	EndGlobalSection
	GlobalSection(ExtensibilityGlobals) = postSolution
		SolutionGuid = {A122BB37-1080-42E6-80BF-1772ED394042}
	EndGlobalSection
EndGlobal
